
Microsoft Visual Studio Solution File, Format Version 12.00
# Visual Studio 15
VisualStudioVersion = 15.0.28307.779
MinimumVisualStudioVersion = 10.0.40219.1
Project("{FAE04EC0-301F-11D3-BF4B-00C04F79EFBC}") = "MInterfaceHierachy", "MInterfaceHierachy\MInterfaceHierachy.csproj", "{C42D9EC1-64E3-43E6-9DAB-E5C2E843B6D4}"
EndProject
Global
	GlobalSection(SolutionConfigurationPlatforms) = preSolution
		Debug|Any CPU = Debug|Any CPU
		Release|Any CPU = Release|Any CPU
	EndGlobalSection
	GlobalSection(ProjectConfigurationPlatforms) = postSolution
		{C42D9EC1-64E3-43E6-9DAB-E5C2E843B6D4}.Debug|Any CPU.ActiveCfg = Debug|Any CPU
		{C42D9EC1-64E3-43E6-9DAB-E5C2E843B6D4}.Debug|Any CPU.Build.0 = Debug|Any CPU
		{C42D9EC1-64E3-43E6-9DAB-E5C2E843B6D4}.Release|Any CPU.ActiveCfg = Release|Any CPU
		{C42D9EC1-64E3-43E6-9DAB-E5C2E843B6D4}.Release|Any CPU.Build.0 = Release|Any CPU
	EndGlobalSection
	GlobalSection(SolutionProperties) = preSolution
		HideSolutionNode = FALSE
	EndGlobalSection
	GlobalSection(ExtensibilityGlobals) = postSolution
		SolutionGuid = {8113DCCB-E3DA-48C7-B276-53C6A40D4FC9}
	EndGlobalSection
EndGlobal
